
Microsoft Visual Studio Solution File, Format Version 12.00
# Visual Studio Version 17
VisualStudioVersion = 17.7.34031.279
MinimumVisualStudioVersion = 10.0.40219.1
Project("{FAE04EC0-301F-11D3-BF4B-00C04F79EFBC}") = "HW13_Attributes_Serialization", "HW13_Attributes_Serialization.csproj", "{1D1FA02C-4757-41B0-A8CF-DD492AF54CE0}"
EndProject
Global
	GlobalSection(SolutionConfigurationPlatforms) = preSolution
		Debug|Any CPU = Debug|Any CPU
		Release|Any CPU = Release|Any CPU
	EndGlobalSection
	GlobalSection(ProjectConfigurationPlatforms) = postSolution
		{1D1FA02C-4757-41B0-A8CF-DD492AF54CE0}.Debug|Any CPU.ActiveCfg = Debug|Any CPU
		{1D1FA02C-4757-41B0-A8CF-DD492AF54CE0}.Debug|Any CPU.Build.0 = Debug|Any CPU
		{1D1FA02C-4757-41B0-A8CF-DD492AF54CE0}.Release|Any CPU.ActiveCfg = Release|Any CPU
		{1D1FA02C-4757-41B0-A8CF-DD492AF54CE0}.Release|Any CPU.Build.0 = Release|Any CPU
	EndGlobalSection
	GlobalSection(SolutionProperties) = preSolution
		HideSolutionNode = FALSE
	EndGlobalSection
	GlobalSection(ExtensibilityGlobals) = postSolution
		SolutionGuid = {FD2FDC66-5509-42E8-A625-3A433C12142E}
	EndGlobalSection
EndGlobal
