
Microsoft Visual Studio Solution File, Format Version 12.00
# Visual Studio Version 17
VisualStudioVersion = 17.7.34031.279
MinimumVisualStudioVersion = 10.0.40219.1
Project("{FAE04EC0-301F-11D3-BF4B-00C04F79EFBC}") = "HW3_String", "HW3_String.csproj", "{7535025D-66D8-40BC-91C2-875657A6D90A}"
EndProject
Global
	GlobalSection(SolutionConfigurationPlatforms) = preSolution
		Debug|Any CPU = Debug|Any CPU
		Release|Any CPU = Release|Any CPU
	EndGlobalSection
	GlobalSection(ProjectConfigurationPlatforms) = postSolution
		{7535025D-66D8-40BC-91C2-875657A6D90A}.Debug|Any CPU.ActiveCfg = Debug|Any CPU
		{7535025D-66D8-40BC-91C2-875657A6D90A}.Debug|Any CPU.Build.0 = Debug|Any CPU
		{7535025D-66D8-40BC-91C2-875657A6D90A}.Release|Any CPU.ActiveCfg = Release|Any CPU
		{7535025D-66D8-40BC-91C2-875657A6D90A}.Release|Any CPU.Build.0 = Release|Any CPU
	EndGlobalSection
	GlobalSection(SolutionProperties) = preSolution
		HideSolutionNode = FALSE
	EndGlobalSection
	GlobalSection(ExtensibilityGlobals) = postSolution
		SolutionGuid = {97B360BF-3AEC-4C02-9502-5C5DF6856803}
	EndGlobalSection
EndGlobal
