
Microsoft Visual Studio Solution File, Format Version 12.00
# Visual Studio Version 17
VisualStudioVersion = 17.7.34031.279
MinimumVisualStudioVersion = 10.0.40219.1
Project("{FAE04EC0-301F-11D3-BF4B-00C04F79EFBC}") = "HW11_Collections", "HW11_Collections\HW11_Collections.csproj", "{20C44218-7048-451A-93E9-312915E43088}"
EndProject
Project("{FAE04EC0-301F-11D3-BF4B-00C04F79EFBC}") = "Statistic", "Statistic\Statistic.csproj", "{57504D5A-3034-47DF-B2DE-D928AEB9A968}"
EndProject
Global
	GlobalSection(SolutionConfigurationPlatforms) = preSolution
		Debug|Any CPU = Debug|Any CPU
		Release|Any CPU = Release|Any CPU
	EndGlobalSection
	GlobalSection(ProjectConfigurationPlatforms) = postSolution
		{20C44218-7048-451A-93E9-312915E43088}.Debug|Any CPU.ActiveCfg = Debug|Any CPU
		{20C44218-7048-451A-93E9-312915E43088}.Debug|Any CPU.Build.0 = Debug|Any CPU
		{20C44218-7048-451A-93E9-312915E43088}.Release|Any CPU.ActiveCfg = Release|Any CPU
		{20C44218-7048-451A-93E9-312915E43088}.Release|Any CPU.Build.0 = Release|Any CPU
		{57504D5A-3034-47DF-B2DE-D928AEB9A968}.Debug|Any CPU.ActiveCfg = Debug|Any CPU
		{57504D5A-3034-47DF-B2DE-D928AEB9A968}.Debug|Any CPU.Build.0 = Debug|Any CPU
		{57504D5A-3034-47DF-B2DE-D928AEB9A968}.Release|Any CPU.ActiveCfg = Release|Any CPU
		{57504D5A-3034-47DF-B2DE-D928AEB9A968}.Release|Any CPU.Build.0 = Release|Any CPU
	EndGlobalSection
	GlobalSection(SolutionProperties) = preSolution
		HideSolutionNode = FALSE
	EndGlobalSection
	GlobalSection(ExtensibilityGlobals) = postSolution
		SolutionGuid = {637178E8-2E6C-404D-BDDB-B6B592F1D8B2}
	EndGlobalSection
EndGlobal
